
Microsoft Visual Studio Solution File, Format Version 12.00
# Visual Studio Version 17
VisualStudioVersion = 17.10.34804.81
MinimumVisualStudioVersion = 10.0.40219.1
Project("{FAE04EC0-301F-11D3-BF4B-00C04F79EFBC}") = "ThrowExSampleApp", "ThrowExSampleApp\ThrowExSampleApp.csproj", "{709DA8D7-8D4E-45A3-9FAD-E0ABAC2E2C34}"
EndProject
Global
	GlobalSection(SolutionConfigurationPlatforms) = preSolution
		Debug|Any CPU = Debug|Any CPU
		Release|Any CPU = Release|Any CPU
	EndGlobalSection
	GlobalSection(ProjectConfigurationPlatforms) = postSolution
		{709DA8D7-8D4E-45A3-9FAD-E0ABAC2E2C34}.Debug|Any CPU.ActiveCfg = Debug|Any CPU
		{709DA8D7-8D4E-45A3-9FAD-E0ABAC2E2C34}.Debug|Any CPU.Build.0 = Debug|Any CPU
		{709DA8D7-8D4E-45A3-9FAD-E0ABAC2E2C34}.Release|Any CPU.ActiveCfg = Release|Any CPU
		{709DA8D7-8D4E-45A3-9FAD-E0ABAC2E2C34}.Release|Any CPU.Build.0 = Release|Any CPU
	EndGlobalSection
	GlobalSection(SolutionProperties) = preSolution
		HideSolutionNode = FALSE
	EndGlobalSection
	GlobalSection(ExtensibilityGlobals) = postSolution
		SolutionGuid = {E62AFEB2-1268-49B8-8896-908D1DCF7A1C}
	EndGlobalSection
EndGlobal
